{
  "version": 4,
  "terraform_version": "1.8.4",
  "serial": 7,
  "lineage": "fd3d616e-fb6e-5c0e-be6d-2613c75f5fdf",
  "outputs": {
    "api_key": {
      "value": "IN47U5KYSGAXVMMJN265Z7O65S6RF3GSBWBQ",
      "type": "string",
      "sensitive": true
    }
  },
  "resources": [
    {
      "mode": "managed",
      "type": "vultr_instance",
      "name": "jenkins",
      "provider": "provider[\"registry.terraform.io/vultr/vultr\"]",
      "instances": [
        {
          "schema_version": 0,
          "attributes": {
            "activation_email": null,
            "allowed_bandwidth": 3,
            "app_id": 0,
            "app_variables": null,
            "backups": "disabled",
            "backups_schedule": [],
            "date_created": "2024-05-26T16:51:43+00:00",
            "ddos_protection": false,
            "default_password": "c3*NhyG%ZE-TYs8n",
            "disable_public_ipv4": null,
            "disk": 55,
            "enable_ipv6": null,
            "features": [],
            "firewall_group_id": "",
            "gateway_v4": "64.176.164.1",
            "hostname": "ubuntu-jenkins",
            "id": "a630f4c7-e048-409a-8781-22e92fa28d45",
            "image_id": null,
            "internal_ip": "",
            "iso_id": null,
            "kvm": "https://my.vultr.com/subs/vps/novnc/api.php?data=djJ8V0xwMlFNeWFXZTBnNVF1X1BPeVNoMllrOFMzWnh1RVZ82qA8Vp8G6uHxwR0iQkW1qlW5f7kK2CioGGzpipD91lhNgtE6hUhdCovzRxk2Clb_ZyfoC4Xo-LWj0VQjQP9e3Pd1j6d3JEASfqKofeEQY-psqjhXN4fPhzdb95Ap6DeK5OX0Fk35YKSgZsG51Tq1RZZJPW4kSZ3XJ6slp4576l1lLc1ii9WC-iSJpzqgQTdcMXVbZYngEn8HkqRNVRT3ZQ",
            "label": "ubuntu-jenkins",
            "main_ip": "64.176.164.157",
            "netmask_v4": "255.255.254.0",
            "os": "Ubuntu 22.04 x64",
            "os_id": 1743,
            "plan": "vc2-1c-2gb",
            "power_status": "running",
            "private_network_ids": [],
            "ram": 2048,
            "region": "tlv",
            "reserved_ip_id": null,
            "script_id": null,
            "server_status": "installingbooting",
            "snapshot_id": null,
            "ssh_key_ids": null,
            "status": "active",
            "tags": [
              "jenkins",
              "ubuntu"
            ],
            "timeouts": null,
            "user_data": null,
            "v6_main_ip": "",
            "v6_network": "",
            "v6_network_size": 0,
            "vcpu_count": 1,
            "vpc2_ids": null,
            "vpc_ids": []
          },
          "sensitive_attributes": [
            [
              {
                "type": "get_attr",
                "value": "default_password"
              }
            ]
          ],
          "private": "eyJlMmJmYjczMC1lY2FhLTExZTYtOGY4OC0zNDM2M2JjN2M0YzAiOnsiY3JlYXRlIjozNjAwMDAwMDAwMDAwLCJ1cGRhdGUiOjM2MDAwMDAwMDAwMDB9fQ=="
        }
      ]
    }
  ],
  "check_results": null
}
